
Microsoft Visual Studio Solution File, Format Version 12.00
# Visual Studio Version 16
VisualStudioVersion = 16.0.29326.143
MinimumVisualStudioVersion = 10.0.40219.1
Project("{FAE04EC0-301F-11D3-BF4B-00C04F79EFBC}") = "SemSety", "SemSety\SemSety.csproj", "{A92077E6-40F1-425B-8788-F8034CEECD99}"
EndProject
Global
	GlobalSection(SolutionConfigurationPlatforms) = preSolution
		Debug|Any CPU = Debug|Any CPU
		Release|Any CPU = Release|Any CPU
	EndGlobalSection
	GlobalSection(ProjectConfigurationPlatforms) = postSolution
		{A92077E6-40F1-425B-8788-F8034CEECD99}.Debug|Any CPU.ActiveCfg = Debug|Any CPU
		{A92077E6-40F1-425B-8788-F8034CEECD99}.Debug|Any CPU.Build.0 = Debug|Any CPU
		{A92077E6-40F1-425B-8788-F8034CEECD99}.Release|Any CPU.ActiveCfg = Release|Any CPU
		{A92077E6-40F1-425B-8788-F8034CEECD99}.Release|Any CPU.Build.0 = Release|Any CPU
	EndGlobalSection
	GlobalSection(SolutionProperties) = preSolution
		HideSolutionNode = FALSE
	EndGlobalSection
	GlobalSection(ExtensibilityGlobals) = postSolution
		SolutionGuid = {C052CF28-279B-455C-92D9-EBBE2D9045B6}
	EndGlobalSection
EndGlobal
